{
  "name": "@com.haina.web/haina-component-mobile",
  "version": "1.0.0",
  "lockfileVersion": 1,
  "requires": true,
  "dependencies": {
    "babel-runtime": {
      "version": "6.26.0",
      "resolved": "http://registry.npm.taobao.org/babel-runtime/download/babel-runtime-6.26.0.tgz",
      "integrity": "sha1-llxwWGaOgrVde/4E/yM3vItWR/4=",
      "requires": {
        "core-js": "2.5.1",
        "regenerator-runtime": "0.11.0"
      }
    },
    "classnames": {
      "version": "2.2.5",
      "resolved": "http://registry.npm.taobao.org/classnames/download/classnames-2.2.5.tgz",
      "integrity": "sha1-+zgB1FNGdknvNgPH1hoCvRKb3m0="
    },
    "core-js": {
      "version": "2.5.1",
      "resolved": "http://registry.npm.taobao.org/core-js/download/core-js-2.5.1.tgz",
      "integrity": "sha1-rmh03GaTd4m4B1T/VCjfZoGcpQs="
    },
    "regenerator-runtime": {
      "version": "0.11.0",
      "resolved": "http://registry.npm.taobao.org/regenerator-runtime/download/regenerator-runtime-0.11.0.tgz",
      "integrity": "sha1-flT+W1zNXWYk6mJVw0c74JC4AuE="
    },
    "rmc-feedback": {
      "version": "1.0.3",
      "resolved": "http://registry.npm.taobao.org/rmc-feedback/download/rmc-feedback-1.0.3.tgz",
      "integrity": "sha1-79nXXFGZiFfHqaSV7lBzE6garuk=",
      "requires": {
        "babel-runtime": "6.26.0",
        "classnames": "2.2.5"
      }
    }
  }
}
